
Microsoft Visual Studio Solution File, Format Version 12.00
# Visual Studio Version 17
VisualStudioVersion = 17.3.32825.248
MinimumVisualStudioVersion = 10.0.40219.1
Project("{FAE04EC0-301F-11D3-BF4B-00C04F79EFBC}") = "PACMAN2", "PACMAN2\PACMAN2.csproj", "{B75FEEF9-1241-454E-ADF5-17C0AA25CF52}"
EndProject
Global
	GlobalSection(SolutionConfigurationPlatforms) = preSolution
		Debug|Any CPU = Debug|Any CPU
		Release|Any CPU = Release|Any CPU
	EndGlobalSection
	GlobalSection(ProjectConfigurationPlatforms) = postSolution
		{B75FEEF9-1241-454E-ADF5-17C0AA25CF52}.Debug|Any CPU.ActiveCfg = Debug|Any CPU
		{B75FEEF9-1241-454E-ADF5-17C0AA25CF52}.Debug|Any CPU.Build.0 = Debug|Any CPU
		{B75FEEF9-1241-454E-ADF5-17C0AA25CF52}.Release|Any CPU.ActiveCfg = Release|Any CPU
		{B75FEEF9-1241-454E-ADF5-17C0AA25CF52}.Release|Any CPU.Build.0 = Release|Any CPU
	EndGlobalSection
	GlobalSection(SolutionProperties) = preSolution
		HideSolutionNode = FALSE
	EndGlobalSection
	GlobalSection(ExtensibilityGlobals) = postSolution
		SolutionGuid = {D147DF41-BBE7-4A01-97CF-311B3D06F3A3}
	EndGlobalSection
EndGlobal
